// !$*UTF8*$!
{
	archiveVersion = 1;
	classes = {
	};
	objectVersion = 46;
	objects = {

/* Begin PBXBuildFile section */
		30F92CD61C4365FA00C4D54E /* AppDelegate.swift in Sources */ = {isa = PBXBuildFile; fileRef = 30F92CD51C4365FA00C4D54E /* AppDelegate.swift */; };
		30F92CD81C4365FA00C4D54E /* CodeOfAutoLayoutViewController.swift in Sources */ = {isa = PBXBuildFile; fileRef = 30F92CD71C4365FA00C4D54E /* CodeOfAutoLayoutViewController.swift */; };
		30F92CDB1C4365FA00C4D54E /* Main.storyboard in Resources */ = {isa = PBXBuildFile; fileRef = 30F92CD91C4365FA00C4D54E /* Main.storyboard */; };
		30F92CDD1C4365FA00C4D54E /* Assets.xcassets in Resources */ = {isa = PBXBuildFile; fileRef = 30F92CDC1C4365FA00C4D54E /* Assets.xcassets */; };
		30F92CE01C4365FA00C4D54E /* LaunchScreen.storyboard in Resources */ = {isa = PBXBuildFile; fileRef = 30F92CDE1C4365FA00C4D54E /* LaunchScreen.storyboard */; };
		30F92CEB1C4365FA00C4D54E /* CodeOfAutoLayoutTests.swift in Sources */ = {isa = PBXBuildFile; fileRef = 30F92CEA1C4365FA00C4D54E /* CodeOfAutoLayoutTests.swift */; };
		30F92CF61C4365FA00C4D54E /* CodeOfAutoLayoutUITests.swift in Sources */ = {isa = PBXBuildFile; fileRef = 30F92CF51C4365FA00C4D54E /* CodeOfAutoLayoutUITests.swift */; };
/* End PBXBuildFile section */

/* Begin PBXContainerItemProxy section */
		30F92CE71C4365FA00C4D54E /* PBXContainerItemProxy */ = {
			isa = PBXContainerItemProxy;
			containerPortal = 30F92CCA1C4365FA00C4D54E /* Project object */;
			proxyType = 1;
			remoteGlobalIDString = 30F92CD11C4365FA00C4D54E;
			remoteInfo = CodeOfAutoLayout;
		};
		30F92CF21C4365FA00C4D54E /* PBXContainerItemProxy */ = {
			isa = PBXContainerItemProxy;
			containerPortal = 30F92CCA1C4365FA00C4D54E /* Project object */;
			proxyType = 1;
			remoteGlobalIDString = 30F92CD11C4365FA00C4D54E;
			remoteInfo = CodeOfAutoLayout;
		};
/* End PBXContainerItemProxy section */

/* Begin PBXFileReference section */
		30F92CD21C4365FA00C4D54E /* CodeOfAutoLayout.app */ = {isa = PBXFileReference; explicitFileType = wrapper.application; includeInIndex = 0; path = CodeOfAutoLayout.app; sourceTree = BUILT_PRODUCTS_DIR; };
		30F92CD51C4365FA00C4D54E /* AppDelegate.swift */ = {isa = PBXFileReference; lastKnownFileType = sourcecode.swift; path = AppDelegate.swift; sourceTree = "<group>"; };
		30F92CD71C4365FA00C4D54E /* CodeOfAutoLayoutViewController.swift */ = {isa = PBXFileReference; lastKnownFileType = sourcecode.swift; path = CodeOfAutoLayoutViewController.swift; sourceTree = "<group>"; };
		30F92CDA1C4365FA00C4D54E /* Base */ = {isa = PBXFileReference; lastKnownFileType = file.storyboard; name = Base; path = Base.lproj/Main.storyboard; sourceTree = "<group>"; };
		30F92CDC1C4365FA00C4D54E /* Assets.xcassets */ = {isa = PBXFileReference; lastKnownFileType = folder.assetcatalog; path = Assets.xcassets; sourceTree = "<group>"; };
		30F92CDF1C4365FA00C4D54E /* Base */ = {isa = PBXFileReference; lastKnownFileType = file.storyboard; name = Base; path = Base.lproj/LaunchScreen.storyboard; sourceTree = "<group>"; };
		30F92CE11C4365FA00C4D54E /* Info.plist */ = {isa = PBXFileReference; lastKnownFileType = text.plist.xml; path = Info.plist; sourceTree = "<group>"; };
		30F92CE61C4365FA00C4D54E /* CodeOfAutoLayoutTests.xctest */ = {isa = PBXFileReference; explicitFileType = wrapper.cfbundle; includeInIndex = 0; path = CodeOfAutoLayoutTests.xctest; sourceTree = BUILT_PRODUCTS_DIR; };
		30F92CEA1C4365FA00C4D54E /* CodeOfAutoLayoutTests.swift */ = {isa = PBXFileReference; lastKnownFileType = sourcecode.swift; path = CodeOfAutoLayoutTests.swift; sourceTree = "<group>"; };
		30F92CEC1C4365FA00C4D54E /* Info.plist */ = {isa = PBXFileReference; lastKnownFileType = text.plist.xml; path = Info.plist; sourceTree = "<group>"; };
		30F92CF11C4365FA00C4D54E /* CodeOfAutoLayoutUITests.xctest */ = {isa = PBXFileReference; explicitFileType = wrapper.cfbundle; includeInIndex = 0; path = CodeOfAutoLayoutUITests.xctest; sourceTree = BUILT_PRODUCTS_DIR; };
		30F92CF51C4365FA00C4D54E /* CodeOfAutoLayoutUITests.swift */ = {isa = PBXFileReference; lastKnownFileType = sourcecode.swift; path = CodeOfAutoLayoutUITests.swift; sourceTree = "<group>"; };
		30F92CF71C4365FA00C4D54E /* Info.plist */ = {isa = PBXFileReference; lastKnownFileType = text.plist.xml; path = Info.plist; sourceTree = "<group>"; };
/* End PBXFileReference section */

/* Begin PBXFrameworksBuildPhase section */
		30F92CCF1C4365FA00C4D54E /* Frameworks */ = {
			isa = PBXFrameworksBuildPhase;
			buildActionMask = 2147483647;
			files = (
			);
			runOnlyForDeploymentPostprocessing = 0;
		};
		30F92CE31C4365FA00C4D54E /* Frameworks */ = {
			isa = PBXFrameworksBuildPhase;
			buildActionMask = 2147483647;
			files = (
			);
			runOnlyForDeploymentPostprocessing = 0;
		};
		30F92CEE1C4365FA00C4D54E /* Frameworks */ = {
			isa = PBXFrameworksBuildPhase;
			buildActionMask = 2147483647;
			files = (
			);
			runOnlyForDeploymentPostprocessing = 0;
		};
/* End PBXFrameworksBuildPhase section */

/* Begin PBXGroup section */
		30F92CC91C4365FA00C4D54E = {
			isa = PBXGroup;
			children = (
				30F92CD41C4365FA00C4D54E /* CodeOfAutoLayout */,
				30F92CE91C4365FA00C4D54E /* CodeOfAutoLayoutTests */,
				30F92CF41C4365FA00C4D54E /* CodeOfAutoLayoutUITests */,
				30F92CD31C4365FA00C4D54E /* Products */,
			);
			sourceTree = "<group>";
		};
		30F92CD31C4365FA00C4D54E /* Products */ = {
			isa = PBXGroup;
			children = (
				30F92CD21C4365FA00C4D54E /* CodeOfAutoLayout.app */,
				30F92CE61C4365FA00C4D54E /* CodeOfAutoLayoutTests.xctest */,
				30F92CF11C4365FA00C4D54E /* CodeOfAutoLayoutUITests.xctest */,
			);
			name = Products;
			sourceTree = "<group>";
		};
		30F92CD41C4365FA00C4D54E /* CodeOfAutoLayout */ = {
			isa = PBXGroup;
			children = (
				30F92CD51C4365FA00C4D54E /* AppDelegate.swift */,
				30F92CD71C4365FA00C4D54E /* CodeOfAutoLayoutViewController.swift */,
				30F92CD91C4365FA00C4D54E /* Main.storyboard */,
				30F92CDC1C4365FA00C4D54E /* Assets.xcassets */,
				30F92CDE1C4365FA00C4D54E /* LaunchScreen.storyboard */,
				30F92CE11C4365FA00C4D54E /* Info.plist */,
			);
			path = CodeOfAutoLayout;
			sourceTree = "<group>";
		};
		30F92CE91C4365FA00C4D54E /* CodeOfAutoLayoutTests */ = {
			isa = PBXGroup;
			children = (
				30F92CEA1C4365FA00C4D54E /* CodeOfAutoLayoutTests.swift */,
				30F92CEC1C4365FA00C4D54E /* Info.plist */,
			);
			path = CodeOfAutoLayoutTests;
			sourceTree = "<group>";
		};
		30F92CF41C4365FA00C4D54E /* CodeOfAutoLayoutUITests */ = {
			isa = PBXGroup;
			children = (
				30F92CF51C4365FA00C4D54E /* CodeOfAutoLayoutUITests.swift */,
				30F92CF71C4365FA00C4D54E /* Info.plist */,
			);
			path = CodeOfAutoLayoutUITests;
			sourceTree = "<group>";
		};
/* End PBXGroup section */

/* Begin PBXNativeTarget section */
		30F92CD11C4365FA00C4D54E /* CodeOfAutoLayout */ = {
			isa = PBXNativeTarget;
			buildConfigurationList = 30F92CFA1C4365FA00C4D54E /* Build configuration list for PBXNativeTarget "CodeOfAutoLayout" */;
			buildPhases = (
				30F92CCE1C4365FA00C4D54E /* Sources */,
				30F92CCF1C4365FA00C4D54E /* Frameworks */,
				30F92CD01C4365FA00C4D54E /* Resources */,
			);
			buildRules = (
			);
			dependencies = (
			);
			name = CodeOfAutoLayout;
			productName = CodeOfAutoLayout;
			productReference = 30F92CD21C4365FA00C4D54E /* CodeOfAutoLayout.app */;
			productType = "com.apple.product-type.application";
		};
		30F92CE51C4365FA00C4D54E /* CodeOfAutoLayoutTests */ = {
			isa = PBXNativeTarget;
			buildConfigurationList = 30F92CFD1C4365FA00C4D54E /* Build configuration list for PBXNativeTarget "CodeOfAutoLayoutTests" */;
			buildPhases = (
				30F92CE21C4365FA00C4D54E /* Sources */,
				30F92CE31C4365FA00C4D54E /* Frameworks */,
				30F92CE41C4365FA00C4D54E /* Resources */,
			);
			buildRules = (
			);
			dependencies = (
				30F92CE81C4365FA00C4D54E /* PBXTargetDependency */,
			);
			name = CodeOfAutoLayoutTests;
			productName = CodeOfAutoLayoutTests;
			productReference = 30F92CE61C4365FA00C4D54E /* CodeOfAutoLayoutTests.xctest */;
			productType = "com.apple.product-type.bundle.unit-test";
		};
		30F92CF01C4365FA00C4D54E /* CodeOfAutoLayoutUITests */ = {
			isa = PBXNativeTarget;
			buildConfigurationList = 30F92D001C4365FA00C4D54E /* Build configuration list for PBXNativeTarget "CodeOfAutoLayoutUITests" */;
			buildPhases = (
				30F92CED1C4365FA00C4D54E /* Sources */,
				30F92CEE1C4365FA00C4D54E /* Frameworks */,
				30F92CEF1C4365FA00C4D54E /* Resources */,
			);
			buildRules = (
			);
			dependencies = (
				30F92CF31C4365FA00C4D54E /* PBXTargetDependency */,
			);
			name = CodeOfAutoLayoutUITests;
			productName = CodeOfAutoLayoutUITests;
			productReference = 30F92CF11C4365FA00C4D54E /* CodeOfAutoLayoutUITests.xctest */;
			productType = "com.apple.product-type.bundle.ui-testing";
		};
/* End PBXNativeTarget section */

/* Begin PBXProject section */
		30F92CCA1C4365FA00C4D54E /* Project object */ = {
			isa = PBXProject;
			attributes = {
				LastSwiftUpdateCheck = 0720;
				LastUpgradeCheck = 0720;
				ORGANIZATIONNAME = satoutakeshi;
				TargetAttributes = {
					30F92CD11C4365FA00C4D54E = {
						CreatedOnToolsVersion = 7.2;
					};
					30F92CE51C4365FA00C4D54E = {
						CreatedOnToolsVersion = 7.2;
						TestTargetID = 30F92CD11C4365FA00C4D54E;
					};
					30F92CF01C4365FA00C4D54E = {
						CreatedOnToolsVersion = 7.2;
						TestTargetID = 30F92CD11C4365FA00C4D54E;
					};
				};
			};
			buildConfigurationList = 30F92CCD1C4365FA00C4D54E /* Build configuration list for PBXProject "CodeOfAutoLayout" */;
			compatibilityVersion = "Xcode 3.2";
			developmentRegion = English;
			hasScannedForEncodings = 0;
			knownRegions = (
				en,
				Base,
			);
			mainGroup = 30F92CC91C4365FA00C4D54E;
			productRefGroup = 30F92CD31C4365FA00C4D54E /* Products */;
			projectDirPath = "";
			projectRoot = "";
			targets = (
				30F92CD11C4365FA00C4D54E /* CodeOfAutoLayout */,
				30F92CE51C4365FA00C4D54E /* CodeOfAutoLayoutTests */,
				30F92CF01C4365FA00C4D54E /* CodeOfAutoLayoutUITests */,
			);
		};
/* End PBXProject section */

/* Begin PBXResourcesBuildPhase section */
		30F92CD01C4365FA00C4D54E /* Resources */ = {
			isa = PBXResourcesBuildPhase;
			buildActionMask = 2147483647;
			files = (
				30F92CE01C4365FA00C4D54E /* LaunchScreen.storyboard in Resources */,
				30F92CDD1C4365FA00C4D54E /* Assets.xcassets in Resources */,
				30F92CDB1C4365FA00C4D54E /* Main.storyboard in Resources */,
			);
			runOnlyForDeploymentPostprocessing = 0;
		};
		30F92CE41C4365FA00C4D54E /* Resources */ = {
			isa = PBXResourcesBuildPhase;
			buildActionMask = 2147483647;
			files = (
			);
			runOnlyForDeploymentPostprocessing = 0;
		};
		30F92CEF1C4365FA00C4D54E /* Resources */ = {
			isa = PBXResourcesBuildPhase;
			buildActionMask = 2147483647;
			files = (
			);
			runOnlyForDeploymentPostprocessing = 0;
		};
/* End PBXResourcesBuildPhase section */

/* Begin PBXSourcesBuildPhase section */
		30F92CCE1C4365FA00C4D54E /* Sources */ = {
			isa = PBXSourcesBuildPhase;
			buildActionMask = 2147483647;
			files = (
				30F92CD81C4365FA00C4D54E /* CodeOfAutoLayoutViewController.swift in Sources */,
				30F92CD61C4365FA00C4D54E /* AppDelegate.swift in Sources */,
			);
			runOnlyForDeploymentPostprocessing = 0;
		};
		30F92CE21C4365FA00C4D54E /* Sources */ = {
			isa = PBXSourcesBuildPhase;
			buildActionMask = 2147483647;
			files = (
				30F92CEB1C4365FA00C4D54E /* CodeOfAutoLayoutTests.swift in Sources */,
			);
			runOnlyForDeploymentPostprocessing = 0;
		};
		30F92CED1C4365FA00C4D54E /* Sources */ = {
			isa = PBXSourcesBuildPhase;
			buildActionMask = 2147483647;
			files = (
				30F92CF61C4365FA00C4D54E /* CodeOfAutoLayoutUITests.swift in Sources */,
			);
			runOnlyForDeploymentPostprocessing = 0;
		};
/* End PBXSourcesBuildPhase section */

/* Begin PBXTargetDependency section */
		30F92CE81C4365FA00C4D54E /* PBXTargetDependency */ = {
			isa = PBXTargetDependency;
			target = 30F92CD11C4365FA00C4D54E /* CodeOfAutoLayout */;
			targetProxy = 30F92CE71C4365FA00C4D54E /* PBXContainerItemProxy */;
		};
		30F92CF31C4365FA00C4D54E /* PBXTargetDependency */ = {
			isa = PBXTargetDependency;
			target = 30F92CD11C4365FA00C4D54E /* CodeOfAutoLayout */;
			targetProxy = 30F92CF21C4365FA00C4D54E /* PBXContainerItemProxy */;
		};
/* End PBXTargetDependency section */

/* Begin PBXVariantGroup section */
		30F92CD91C4365FA00C4D54E /* Main.storyboard */ = {
			isa = PBXVariantGroup;
			children = (
				30F92CDA1C4365FA00C4D54E /* Base */,
			);
			name = Main.storyboard;
			sourceTree = "<group>";
		};
		30F92CDE1C4365FA00C4D54E /* LaunchScreen.storyboard */ = {
			isa = PBXVariantGroup;
			children = (
				30F92CDF1C4365FA00C4D54E /* Base */,
			);
			name = LaunchScreen.storyboard;
			sourceTree = "<group>";
		};
/* End PBXVariantGroup section */

/* Begin XCBuildConfiguration section */
		30F92CF81C4365FA00C4D54E /* Debug */ = {
			isa = XCBuildConfiguration;
			buildSettings = {
				ALWAYS_SEARCH_USER_PATHS = NO;
				CLANG_CXX_LANGUAGE_STANDARD = "gnu++0x";
				CLANG_CXX_LIBRARY = "libc++";
				CLANG_ENABLE_MODULES = YES;
				CLANG_ENABLE_OBJC_ARC = YES;
				CLANG_WARN_BOOL_CONVERSION = YES;
				CLANG_WARN_CONSTANT_CONVERSION = YES;
				CLANG_WARN_DIRECT_OBJC_ISA_USAGE = YES_ERROR;
				CLANG_WARN_EMPTY_BODY = YES;
				CLANG_WARN_ENUM_CONVERSION = YES;
				CLANG_WARN_INT_CONVERSION = YES;
				CLANG_WARN_OBJC_ROOT_CLASS = YES_ERROR;
				CLANG_WARN_UNREACHABLE_CODE = YES;
				CLANG_WARN__DUPLICATE_METHOD_MATCH = YES;
				"CODE_SIGN_IDENTITY[sdk=iphoneos*]" = "iPhone Developer";
				COPY_PHASE_STRIP = NO;
				DEBUG_INFORMATION_FORMAT = dwarf;
				ENABLE_STRICT_OBJC_MSGSEND = YES;
				ENABLE_TESTABILITY = YES;
				GCC_C_LANGUAGE_STANDARD = gnu99;
				GCC_DYNAMIC_NO_PIC = NO;
				GCC_NO_COMMON_BLOCKS = YES;
				GCC_OPTIMIZATION_LEVEL = 0;
				GCC_PREPROCESSOR_DEFINITIONS = (
					"DEBUG=1",
					"$(inherited)",
				);
				GCC_WARN_64_TO_32_BIT_CONVERSION = YES;
				GCC_WARN_ABOUT_RETURN_TYPE = YES_ERROR;
				GCC_WARN_UNDECLARED_SELECTOR = YES;
				GCC_WARN_UNINITIALIZED_AUTOS = YES_AGGRESSIVE;
				GCC_WARN_UNUSED_FUNCTION = YES;
				GCC_WARN_UNUSED_VARIABLE = YES;
				IPHONEOS_DEPLOYMENT_TARGET = 9.2;
				MTL_ENABLE_DEBUG_INFO = YES;
				ONLY_ACTIVE_ARCH = YES;
				SDKROOT = iphoneos;
				SWIFT_OPTIMIZATION_LEVEL = "-Onone";
			};
			name = Debug;
		};
		30F92CF91C4365FA00C4D54E /* Release */ = {
			isa = XCBuildConfiguration;
			buildSettings = {
				ALWAYS_SEARCH_USER_PATHS = NO;
				CLANG_CXX_LANGUAGE_STANDARD = "gnu++0x";
				CLANG_CXX_LIBRARY = "libc++";
				CLANG_ENABLE_MODULES = YES;
				CLANG_ENABLE_OBJC_ARC = YES;
				CLANG_WARN_BOOL_CONVERSION = YES;
				CLANG_WARN_CONSTANT_CONVERSION = YES;
				CLANG_WARN_DIRECT_OBJC_ISA_USAGE = YES_ERROR;
				CLANG_WARN_EMPTY_BODY = YES;
				CLANG_WARN_ENUM_CONVERSION = YES;
				CLANG_WARN_INT_CONVERSION = YES;
				CLANG_WARN_OBJC_ROOT_CLASS = YES_ERROR;
				CLANG_WARN_UNREACHABLE_CODE = YES;
				CLANG_WARN__DUPLICATE_METHOD_MATCH = YES;
				"CODE_SIGN_IDENTITY[sdk=iphoneos*]" = "iPhone Developer";
				COPY_PHASE_STRIP = NO;
				DEBUG_INFORMATION_FORMAT = "dwarf-with-dsym";
				ENABLE_NS_ASSERTIONS = NO;
				ENABLE_STRICT_OBJC_MSGSEND = YES;
				GCC_C_LANGUAGE_STANDARD = gnu99;
				GCC_NO_COMMON_BLOCKS = YES;
				GCC_WARN_64_TO_32_BIT_CONVERSION = YES;
				GCC_WARN_ABOUT_RETURN_TYPE = YES_ERROR;
				GCC_WARN_UNDECLARED_SELECTOR = YES;
				GCC_WARN_UNINITIALIZED_AUTOS = YES_AGGRESSIVE;
				GCC_WARN_UNUSED_FUNCTION = YES;
				GCC_WARN_UNUSED_VARIABLE = YES;
				IPHONEOS_DEPLOYMENT_TARGET = 9.2;
				MTL_ENABLE_DEBUG_INFO = NO;
				SDKROOT = iphoneos;
				VALIDATE_PRODUCT = YES;
			};
			name = Release;
		};
		30F92CFB1C4365FA00C4D54E /* Debug */ = {
			isa = XCBuildConfiguration;
			buildSettings = {
				ASSETCATALOG_COMPILER_APPICON_NAME = AppIcon;
				INFOPLIST_FILE = CodeOfAutoLayout/Info.plist;
				LD_RUNPATH_SEARCH_PATHS = "$(inherited) @executable_path/Frameworks";
				PRODUCT_BUNDLE_IDENTIFIER = pw.afrel.CodeOfAutoLayout;
				PRODUCT_NAME = "$(TARGET_NAME)";
			};
			name = Debug;
		};
		30F92CFC1C4365FA00C4D54E /* Release */ = {
			isa = XCBuildConfiguration;
			buildSettings = {
				ASSETCATALOG_COMPILER_APPICON_NAME = AppIcon;
				INFOPLIST_FILE = CodeOfAutoLayout/Info.plist;
				LD_RUNPATH_SEARCH_PATHS = "$(inherited) @executable_path/Frameworks";
				PRODUCT_BUNDLE_IDENTIFIER = pw.afrel.CodeOfAutoLayout;
				PRODUCT_NAME = "$(TARGET_NAME)";
			};
			name = Release;
		};
		30F92CFE1C4365FA00C4D54E /* Debug */ = {
			isa = XCBuildConfiguration;
			buildSettings = {
				BUNDLE_LOADER = "$(TEST_HOST)";
				INFOPLIST_FILE = CodeOfAutoLayoutTests/Info.plist;
				LD_RUNPATH_SEARCH_PATHS = "$(inherited) @executable_path/Frameworks @loader_path/Frameworks";
				PRODUCT_BUNDLE_IDENTIFIER = pw.afrel.CodeOfAutoLayoutTests;
				PRODUCT_NAME = "$(TARGET_NAME)";
				TEST_HOST = "$(BUILT_PRODUCTS_DIR)/CodeOfAutoLayout.app/CodeOfAutoLayout";
			};
			name = Debug;
		};
		30F92CFF1C4365FA00C4D54E /* Release */ = {
			isa = XCBuildConfiguration;
			buildSettings = {
				BUNDLE_LOADER = "$(TEST_HOST)";
				INFOPLIST_FILE = CodeOfAutoLayoutTests/Info.plist;
				LD_RUNPATH_SEARCH_PATHS = "$(inherited) @executable_path/Frameworks @loader_path/Frameworks";
				PRODUCT_BUNDLE_IDENTIFIER = pw.afrel.CodeOfAutoLayoutTests;
				PRODUCT_NAME = "$(TARGET_NAME)";
				TEST_HOST = "$(BUILT_PRODUCTS_DIR)/CodeOfAutoLayout.app/CodeOfAutoLayout";
			};
			name = Release;
		};
		30F92D011C4365FA00C4D54E /* Debug */ = {
			isa = XCBuildConfiguration;
			buildSettings = {
				INFOPLIST_FILE = CodeOfAutoLayoutUITests/Info.plist;
				LD_RUNPATH_SEARCH_PATHS = "$(inherited) @executable_path/Frameworks @loader_path/Frameworks";
				PRODUCT_BUNDLE_IDENTIFIER = pw.afrel.CodeOfAutoLayoutUITests;
				PRODUCT_NAME = "$(TARGET_NAME)";
				TEST_TARGET_NAME = CodeOfAutoLayout;
				USES_XCTRUNNER = YES;
			};
			name = Debug;
		};
		30F92D021C4365FA00C4D54E /* Release */ = {
			isa = XCBuildConfiguration;
			buildSettings = {
				INFOPLIST_FILE = CodeOfAutoLayoutUITests/Info.plist;
				LD_RUNPATH_SEARCH_PATHS = "$(inherited) @executable_path/Frameworks @loader_path/Frameworks";
				PRODUCT_BUNDLE_IDENTIFIER = pw.afrel.CodeOfAutoLayoutUITests;
				PRODUCT_NAME = "$(TARGET_NAME)";
				TEST_TARGET_NAME = CodeOfAutoLayout;
				USES_XCTRUNNER = YES;
			};
			name = Release;
		};
/* End XCBuildConfiguration section */

/* Begin XCConfigurationList section */
		30F92CCD1C4365FA00C4D54E /* Build configuration list for PBXProject "CodeOfAutoLayout" */ = {
			isa = XCConfigurationList;
			buildConfigurations = (
				30F92CF81C4365FA00C4D54E /* Debug */,
				30F92CF91C4365FA00C4D54E /* Release */,
			);
			defaultConfigurationIsVisible = 0;
			defaultConfigurationName = Release;
		};
		30F92CFA1C4365FA00C4D54E /* Build configuration list for PBXNativeTarget "CodeOfAutoLayout" */ = {
			isa = XCConfigurationList;
			buildConfigurations = (
				30F92CFB1C4365FA00C4D54E /* Debug */,
				30F92CFC1C4365FA00C4D54E /* Release */,
			);
			defaultConfigurationIsVisible = 0;
		};
		30F92CFD1C4365FA00C4D54E /* Build configuration list for PBXNativeTarget "CodeOfAutoLayoutTests" */ = {
			isa = XCConfigurationList;
			buildConfigurations = (
				30F92CFE1C4365FA00C4D54E /* Debug */,
				30F92CFF1C4365FA00C4D54E /* Release */,
			);
			defaultConfigurationIsVisible = 0;
		};
		30F92D001C4365FA00C4D54E /* Build configuration list for PBXNativeTarget "CodeOfAutoLayoutUITests" */ = {
			isa = XCConfigurationList;
			buildConfigurations = (
				30F92D011C4365FA00C4D54E /* Debug */,
				30F92D021C4365FA00C4D54E /* Release */,
			);
			defaultConfigurationIsVisible = 0;
		};
/* End XCConfigurationList section */
	};
	rootObject = 30F92CCA1C4365FA00C4D54E /* Project object */;
}
